// !$*UTF8*$!
{
	archiveVersion = 1;
	classes = {
	};
	objectVersion = 46;
	objects = {

/* Begin PBXBuildFile section */
		536FC51E1C15EEDE00B1D7CF /* AppDelegate.m in Sources */ = {isa = PBXBuildFile; fileRef = 536FC51D1C15EEDE00B1D7CF /* AppDelegate.m */; };
		536FC5211C15EEDE00B1D7CF /* main.m in Sources */ = {isa = PBXBuildFile; fileRef = 536FC5201C15EEDE00B1D7CF /* main.m */; };
		536FC5231C15EEDE00B1D7CF /* Assets.xcassets in Resources */ = {isa = PBXBuildFile; fileRef = 536FC5221C15EEDE00B1D7CF /* Assets.xcassets */; };
		536FC5261C15EEDE00B1D7CF /* MainMenu.xib in Resources */ = {isa = PBXBuildFile; fileRef = 536FC5241C15EEDE00B1D7CF /* MainMenu.xib */; };
/* End PBXBuildFile section */

/* Begin PBXFileReference section */
		536FC5191C15EEDE00B1D7CF /* ProfileCreator.app */ = {isa = PBXFileReference; explicitFileType = wrapper.application; includeInIndex = 0; path = ProfileCreator.app; sourceTree = BUILT_PRODUCTS_DIR; };
		536FC51C1C15EEDE00B1D7CF /* AppDelegate.h */ = {isa = PBXFileReference; lastKnownFileType = sourcecode.c.h; path = AppDelegate.h; sourceTree = "<group>"; };
		536FC51D1C15EEDE00B1D7CF /* AppDelegate.m */ = {isa = PBXFileReference; lastKnownFileType = sourcecode.c.objc; path = AppDelegate.m; sourceTree = "<group>"; };
		536FC5201C15EEDE00B1D7CF /* main.m */ = {isa = PBXFileReference; lastKnownFileType = sourcecode.c.objc; path = main.m; sourceTree = "<group>"; };
		536FC5221C15EEDE00B1D7CF /* Assets.xcassets */ = {isa = PBXFileReference; lastKnownFileType = folder.assetcatalog; path = Assets.xcassets; sourceTree = "<group>"; };
		536FC5251C15EEDE00B1D7CF /* Base */ = {isa = PBXFileReference; lastKnownFileType = file.xib; name = Base; path = Base.lproj/MainMenu.xib; sourceTree = "<group>"; };
		536FC5271C15EEDE00B1D7CF /* Info.plist */ = {isa = PBXFileReference; lastKnownFileType = text.plist.xml; path = Info.plist; sourceTree = "<group>"; };
/* End PBXFileReference section */

/* Begin PBXFrameworksBuildPhase section */
		536FC5161C15EEDE00B1D7CF /* Frameworks */ = {
			isa = PBXFrameworksBuildPhase;
			buildActionMask = 2147483647;
			files = (
			);
			runOnlyForDeploymentPostprocessing = 0;
		};
/* End PBXFrameworksBuildPhase section */

/* Begin PBXGroup section */
		536FC5101C15EEDE00B1D7CF = {
			isa = PBXGroup;
			children = (
				536FC51B1C15EEDE00B1D7CF /* ProfileCreator */,
				536FC51A1C15EEDE00B1D7CF /* Products */,
			);
			sourceTree = "<group>";
		};
		536FC51A1C15EEDE00B1D7CF /* Products */ = {
			isa = PBXGroup;
			children = (
				536FC5191C15EEDE00B1D7CF /* ProfileCreator.app */,
			);
			name = Products;
			sourceTree = "<group>";
		};
		536FC51B1C15EEDE00B1D7CF /* ProfileCreator */ = {
			isa = PBXGroup;
			children = (
				536FC51C1C15EEDE00B1D7CF /* AppDelegate.h */,
				536FC51D1C15EEDE00B1D7CF /* AppDelegate.m */,
				536FC5221C15EEDE00B1D7CF /* Assets.xcassets */,
				536FC5241C15EEDE00B1D7CF /* MainMenu.xib */,
				536FC5271C15EEDE00B1D7CF /* Info.plist */,
				536FC51F1C15EEDE00B1D7CF /* Supporting Files */,
			);
			path = ProfileCreator;
			sourceTree = "<group>";
		};
		536FC51F1C15EEDE00B1D7CF /* Supporting Files */ = {
			isa = PBXGroup;
			children = (
				536FC5201C15EEDE00B1D7CF /* main.m */,
			);
			name = "Supporting Files";
			sourceTree = "<group>";
		};
/* End PBXGroup section */

/* Begin PBXNativeTarget section */
		536FC5181C15EEDE00B1D7CF /* ProfileCreator */ = {
			isa = PBXNativeTarget;
			buildConfigurationList = 536FC52A1C15EEDE00B1D7CF /* Build configuration list for PBXNativeTarget "ProfileCreator" */;
			buildPhases = (
				536FC5151C15EEDE00B1D7CF /* Sources */,
				536FC5161C15EEDE00B1D7CF /* Frameworks */,
				536FC5171C15EEDE00B1D7CF /* Resources */,
			);
			buildRules = (
			);
			dependencies = (
			);
			name = ProfileCreator;
			productName = ProfileCreator;
			productReference = 536FC5191C15EEDE00B1D7CF /* ProfileCreator.app */;
			productType = "com.apple.product-type.application";
		};
/* End PBXNativeTarget section */

/* Begin PBXProject section */
		536FC5111C15EEDE00B1D7CF /* Project object */ = {
			isa = PBXProject;
			attributes = {
				LastUpgradeCheck = 0710;
				ORGANIZATIONNAME = "Erik Berglund";
				TargetAttributes = {
					536FC5181C15EEDE00B1D7CF = {
						CreatedOnToolsVersion = 7.1.1;
					};
				};
			};
			buildConfigurationList = 536FC5141C15EEDE00B1D7CF /* Build configuration list for PBXProject "ProfileCreator" */;
			compatibilityVersion = "Xcode 3.2";
			developmentRegion = English;
			hasScannedForEncodings = 0;
			knownRegions = (
				en,
				Base,
			);
			mainGroup = 536FC5101C15EEDE00B1D7CF;
			productRefGroup = 536FC51A1C15EEDE00B1D7CF /* Products */;
			projectDirPath = "";
			projectRoot = "";
			targets = (
				536FC5181C15EEDE00B1D7CF /* ProfileCreator */,
			);
		};
/* End PBXProject section */

/* Begin PBXResourcesBuildPhase section */
		536FC5171C15EEDE00B1D7CF /* Resources */ = {
			isa = PBXResourcesBuildPhase;
			buildActionMask = 2147483647;
			files = (
				536FC5231C15EEDE00B1D7CF /* Assets.xcassets in Resources */,
				536FC5261C15EEDE00B1D7CF /* MainMenu.xib in Resources */,
			);
			runOnlyForDeploymentPostprocessing = 0;
		};
/* End PBXResourcesBuildPhase section */

/* Begin PBXSourcesBuildPhase section */
		536FC5151C15EEDE00B1D7CF /* Sources */ = {
			isa = PBXSourcesBuildPhase;
			buildActionMask = 2147483647;
			files = (
				536FC5211C15EEDE00B1D7CF /* main.m in Sources */,
				536FC51E1C15EEDE00B1D7CF /* AppDelegate.m in Sources */,
			);
			runOnlyForDeploymentPostprocessing = 0;
		};
/* End PBXSourcesBuildPhase section */

/* Begin PBXVariantGroup section */
		536FC5241C15EEDE00B1D7CF /* MainMenu.xib */ = {
			isa = PBXVariantGroup;
			children = (
				536FC5251C15EEDE00B1D7CF /* Base */,
			);
			name = MainMenu.xib;
			sourceTree = "<group>";
		};
/* End PBXVariantGroup section */

/* Begin XCBuildConfiguration section */
		536FC5281C15EEDE00B1D7CF /* Debug */ = {
			isa = XCBuildConfiguration;
			buildSettings = {
				ALWAYS_SEARCH_USER_PATHS = NO;
				CLANG_CXX_LANGUAGE_STANDARD = "gnu++0x";
				CLANG_CXX_LIBRARY = "libc++";
				CLANG_ENABLE_MODULES = YES;
				CLANG_ENABLE_OBJC_ARC = YES;
				CLANG_WARN_BOOL_CONVERSION = YES;
				CLANG_WARN_CONSTANT_CONVERSION = YES;
				CLANG_WARN_DIRECT_OBJC_ISA_USAGE = YES_ERROR;
				CLANG_WARN_EMPTY_BODY = YES;
				CLANG_WARN_ENUM_CONVERSION = YES;
				CLANG_WARN_INT_CONVERSION = YES;
				CLANG_WARN_OBJC_ROOT_CLASS = YES_ERROR;
				CLANG_WARN_UNREACHABLE_CODE = YES;
				CLANG_WARN__DUPLICATE_METHOD_MATCH = YES;
				CODE_SIGN_IDENTITY = "-";
				COPY_PHASE_STRIP = NO;
				DEBUG_INFORMATION_FORMAT = dwarf;
				ENABLE_STRICT_OBJC_MSGSEND = YES;
				ENABLE_TESTABILITY = YES;
				GCC_C_LANGUAGE_STANDARD = gnu99;
				GCC_DYNAMIC_NO_PIC = NO;
				GCC_NO_COMMON_BLOCKS = YES;
				GCC_OPTIMIZATION_LEVEL = 0;
				GCC_PREPROCESSOR_DEFINITIONS = (
					"DEBUG=1",
					"$(inherited)",
				);
				GCC_WARN_64_TO_32_BIT_CONVERSION = YES;
				GCC_WARN_ABOUT_RETURN_TYPE = YES_ERROR;
				GCC_WARN_UNDECLARED_SELECTOR = YES;
				GCC_WARN_UNINITIALIZED_AUTOS = YES_AGGRESSIVE;
				GCC_WARN_UNUSED_FUNCTION = YES;
				GCC_WARN_UNUSED_VARIABLE = YES;
				MACOSX_DEPLOYMENT_TARGET = 10.11;
				MTL_ENABLE_DEBUG_INFO = YES;
				ONLY_ACTIVE_ARCH = YES;
				SDKROOT = macosx;
			};
			name = Debug;
		};
		536FC5291C15EEDE00B1D7CF /* Release */ = {
			isa = XCBuildConfiguration;
			buildSettings = {
				ALWAYS_SEARCH_USER_PATHS = NO;
				CLANG_CXX_LANGUAGE_STANDARD = "gnu++0x";
				CLANG_CXX_LIBRARY = "libc++";
				CLANG_ENABLE_MODULES = YES;
				CLANG_ENABLE_OBJC_ARC = YES;
				CLANG_WARN_BOOL_CONVERSION = YES;
				CLANG_WARN_CONSTANT_CONVERSION = YES;
				CLANG_WARN_DIRECT_OBJC_ISA_USAGE = YES_ERROR;
				CLANG_WARN_EMPTY_BODY = YES;
				CLANG_WARN_ENUM_CONVERSION = YES;
				CLANG_WARN_INT_CONVERSION = YES;
				CLANG_WARN_OBJC_ROOT_CLASS = YES_ERROR;
				CLANG_WARN_UNREACHABLE_CODE = YES;
				CLANG_WARN__DUPLICATE_METHOD_MATCH = YES;
				CODE_SIGN_IDENTITY = "-";
				COPY_PHASE_STRIP = NO;
				DEBUG_INFORMATION_FORMAT = "dwarf-with-dsym";
				ENABLE_NS_ASSERTIONS = NO;
				ENABLE_STRICT_OBJC_MSGSEND = YES;
				GCC_C_LANGUAGE_STANDARD = gnu99;
				GCC_NO_COMMON_BLOCKS = YES;
				GCC_WARN_64_TO_32_BIT_CONVERSION = YES;
				GCC_WARN_ABOUT_RETURN_TYPE = YES_ERROR;
				GCC_WARN_UNDECLARED_SELECTOR = YES;
				GCC_WARN_UNINITIALIZED_AUTOS = YES_AGGRESSIVE;
				GCC_WARN_UNUSED_FUNCTION = YES;
				GCC_WARN_UNUSED_VARIABLE = YES;
				MACOSX_DEPLOYMENT_TARGET = 10.11;
				MTL_ENABLE_DEBUG_INFO = NO;
				SDKROOT = macosx;
			};
			name = Release;
		};
		536FC52B1C15EEDE00B1D7CF /* Debug */ = {
			isa = XCBuildConfiguration;
			buildSettings = {
				ASSETCATALOG_COMPILER_APPICON_NAME = AppIcon;
				COMBINE_HIDPI_IMAGES = YES;
				INFOPLIST_FILE = ProfileCreator/Info.plist;
				LD_RUNPATH_SEARCH_PATHS = "$(inherited) @executable_path/../Frameworks";
				PRODUCT_BUNDLE_IDENTIFIER = com.github.ProfileCreator;
				PRODUCT_NAME = "$(TARGET_NAME)";
			};
			name = Debug;
		};
		536FC52C1C15EEDE00B1D7CF /* Release */ = {
			isa = XCBuildConfiguration;
			buildSettings = {
				ASSETCATALOG_COMPILER_APPICON_NAME = AppIcon;
				COMBINE_HIDPI_IMAGES = YES;
				INFOPLIST_FILE = ProfileCreator/Info.plist;
				LD_RUNPATH_SEARCH_PATHS = "$(inherited) @executable_path/../Frameworks";
				PRODUCT_BUNDLE_IDENTIFIER = com.github.ProfileCreator;
				PRODUCT_NAME = "$(TARGET_NAME)";
			};
			name = Release;
		};
/* End XCBuildConfiguration section */

/* Begin XCConfigurationList section */
		536FC5141C15EEDE00B1D7CF /* Build configuration list for PBXProject "ProfileCreator" */ = {
			isa = XCConfigurationList;
			buildConfigurations = (
				536FC5281C15EEDE00B1D7CF /* Debug */,
				536FC5291C15EEDE00B1D7CF /* Release */,
			);
			defaultConfigurationIsVisible = 0;
			defaultConfigurationName = Release;
		};
		536FC52A1C15EEDE00B1D7CF /* Build configuration list for PBXNativeTarget "ProfileCreator" */ = {
			isa = XCConfigurationList;
			buildConfigurations = (
				536FC52B1C15EEDE00B1D7CF /* Debug */,
				536FC52C1C15EEDE00B1D7CF /* Release */,
			);
			defaultConfigurationIsVisible = 0;
		};
/* End XCConfigurationList section */
	};
	rootObject = 536FC5111C15EEDE00B1D7CF /* Project object */;
}
