// !$*UTF8*$!
{
	archiveVersion = 1;
	classes = {
	};
	objectVersion = 46;
	objects = {

/* Begin PBXBuildFile section */
		5304B24E1C1E02C50085559C /* com.apple.vpn.plist in Resources */ = {isa = PBXBuildFile; fileRef = 5304B24D1C1E02C50085559C /* com.apple.vpn.plist */; };
		5304B2501C1E07CB0085559C /* com.apple.vpn.plist in Copy Manifests */ = {isa = PBXBuildFile; fileRef = 5304B24D1C1E02C50085559C /* com.apple.vpn.plist */; };
		5304B2531C1E0FEB0085559C /* PFCTableViewCellsSettingsTableView.m in Sources */ = {isa = PBXBuildFile; fileRef = 5304B2521C1E0FEB0085559C /* PFCTableViewCellsSettingsTableView.m */; };
		532B6C511C17289700297025 /* com.apple.general.plist in Resources */ = {isa = PBXBuildFile; fileRef = 532B6C501C17289700297025 /* com.apple.general.plist */; };
		532B6C531C172A3600297025 /* com.apple.general.plist in Copy Manifests */ = {isa = PBXBuildFile; fileRef = 532B6C501C17289700297025 /* com.apple.general.plist */; };
		532B6C581C172E0300297025 /* com.apple.caldav.account.plist in Resources */ = {isa = PBXBuildFile; fileRef = 532B6C571C172E0300297025 /* com.apple.caldav.account.plist */; };
		532B6C591C172E1300297025 /* com.apple.caldav.account.plist in Copy Manifests */ = {isa = PBXBuildFile; fileRef = 532B6C571C172E0300297025 /* com.apple.caldav.account.plist */; };
		532B6C5E1C172F5800297025 /* com.apple.mail.managed.plist in Resources */ = {isa = PBXBuildFile; fileRef = 532B6C5D1C172F5800297025 /* com.apple.mail.managed.plist */; };
		532B6C5F1C172F6400297025 /* com.apple.mail.managed.plist in Copy Manifests */ = {isa = PBXBuildFile; fileRef = 532B6C5D1C172F5800297025 /* com.apple.mail.managed.plist */; };
		532B6C611C172FD000297025 /* com.apple.ews.account.plist in Resources */ = {isa = PBXBuildFile; fileRef = 532B6C601C172FD000297025 /* com.apple.ews.account.plist */; };
		532B6C621C172FE100297025 /* com.apple.ews.account.plist in Copy Manifests */ = {isa = PBXBuildFile; fileRef = 532B6C601C172FD000297025 /* com.apple.ews.account.plist */; };
		532B6C671C17311200297025 /* com.apple.font.plist in Resources */ = {isa = PBXBuildFile; fileRef = 532B6C661C17311200297025 /* com.apple.font.plist */; };
		532B6C681C17311D00297025 /* com.apple.font.plist in Copy Manifests */ = {isa = PBXBuildFile; fileRef = 532B6C661C17311200297025 /* com.apple.font.plist */; };
		532B6C6D1C17323800297025 /* com.apple.configurationprofile.identification.plist in Resources */ = {isa = PBXBuildFile; fileRef = 532B6C6C1C17323800297025 /* com.apple.configurationprofile.identification.plist */; };
		532B6C6E1C17326300297025 /* com.apple.configurationprofile.identification.plist in Copy Manifests */ = {isa = PBXBuildFile; fileRef = 532B6C6C1C17323800297025 /* com.apple.configurationprofile.identification.plist */; };
		53351E301C1601FC00A6FC08 /* PFCTableViewCellsMenu.m in Sources */ = {isa = PBXBuildFile; fileRef = 53351E2F1C1601FC00A6FC08 /* PFCTableViewCellsMenu.m */; };
		53351E351C16048A00A6FC08 /* PFCTableViewCellsSettings.m in Sources */ = {isa = PBXBuildFile; fileRef = 53351E341C16048A00A6FC08 /* PFCTableViewCellsSettings.m */; };
		5341D3171C15EFB00014F5A7 /* PFCController.m in Sources */ = {isa = PBXBuildFile; fileRef = 5341D3161C15EFB00014F5A7 /* PFCController.m */; };
		5341D3261C15F3500014F5A7 /* PFCProfileCreationWindowController.m in Sources */ = {isa = PBXBuildFile; fileRef = 5341D3241C15F3500014F5A7 /* PFCProfileCreationWindowController.m */; };
		5341D3271C15F3500014F5A7 /* PFCProfileCreationWindowController.xib in Resources */ = {isa = PBXBuildFile; fileRef = 5341D3251C15F3500014F5A7 /* PFCProfileCreationWindowController.xib */; };
		5357C0751C1816640056B050 /* com.apple.carddav.account.plist in Resources */ = {isa = PBXBuildFile; fileRef = 5357C0741C1816640056B050 /* com.apple.carddav.account.plist */; };
		5357C07B1C18182E0056B050 /* com.apple.carddav.account.plist in Copy Manifests */ = {isa = PBXBuildFile; fileRef = 5357C0741C1816640056B050 /* com.apple.carddav.account.plist */; };
		5359E2D21C1CC57E00646980 /* com.apple.security.privacy.plist in Resources */ = {isa = PBXBuildFile; fileRef = 5359E2D11C1CC57E00646980 /* com.apple.security.privacy.plist */; };
		5359E2D41C1CC65100646980 /* MenuIconSecurityPrivacy.png in Resources */ = {isa = PBXBuildFile; fileRef = 5359E2D31C1CC65100646980 /* MenuIconSecurityPrivacy.png */; };
		5359E2D51C1CC65F00646980 /* com.apple.security.privacy.plist in Copy Manifests */ = {isa = PBXBuildFile; fileRef = 5359E2D11C1CC57E00646980 /* com.apple.security.privacy.plist */; };
		536FC5211C15EEDE00B1D7CF /* main.m in Sources */ = {isa = PBXBuildFile; fileRef = 536FC5201C15EEDE00B1D7CF /* main.m */; };
		536FC5261C15EEDE00B1D7CF /* MainMenu.xib in Resources */ = {isa = PBXBuildFile; fileRef = 536FC5241C15EEDE00B1D7CF /* MainMenu.xib */; };
		53751FE51C1B5C2D00FF3CB0 /* com.apple.security.certificate.plist in Resources */ = {isa = PBXBuildFile; fileRef = 53751FE41C1B5C2D00FF3CB0 /* com.apple.security.certificate.plist */; };
		53751FE61C1B5DC500FF3CB0 /* com.apple.security.certificate.plist in Copy Manifests */ = {isa = PBXBuildFile; fileRef = 53751FE41C1B5C2D00FF3CB0 /* com.apple.security.certificate.plist */; };
		53751FE91C1B831A00FF3CB0 /* MenuIconAirPlay.png in Resources */ = {isa = PBXBuildFile; fileRef = 53751FE81C1B831A00FF3CB0 /* MenuIconAirPlay.png */; };
		53751FEB1C1B832D00FF3CB0 /* MenuIconExchange.png in Resources */ = {isa = PBXBuildFile; fileRef = 53751FEA1C1B832D00FF3CB0 /* MenuIconExchange.png */; };
		53751FED1C1B833900FF3CB0 /* MenuIconIdentification.png in Resources */ = {isa = PBXBuildFile; fileRef = 53751FEC1C1B833900FF3CB0 /* MenuIconIdentification.png */; };
		53751FEF1C1B834300FF3CB0 /* MenuIconCertificates.png in Resources */ = {isa = PBXBuildFile; fileRef = 53751FEE1C1B834300FF3CB0 /* MenuIconCertificates.png */; };
		53751FF11C1B848A00FF3CB0 /* MenuIconFont.png in Resources */ = {isa = PBXBuildFile; fileRef = 53751FF01C1B848A00FF3CB0 /* MenuIconFont.png */; };
		53751FF31C1B849400FF3CB0 /* MenuIconVPN.png in Resources */ = {isa = PBXBuildFile; fileRef = 53751FF21C1B849400FF3CB0 /* MenuIconVPN.png */; };
		53751FF51C1B849E00FF3CB0 /* MenuIconMail.png in Resources */ = {isa = PBXBuildFile; fileRef = 53751FF41C1B849E00FF3CB0 /* MenuIconMail.png */; };
		53751FF71C1B84AA00FF3CB0 /* MenuIconRestriction.png in Resources */ = {isa = PBXBuildFile; fileRef = 53751FF61C1B84AA00FF3CB0 /* MenuIconRestriction.png */; };
		53751FF91C1B84B600FF3CB0 /* MenuIconGeneral.png in Resources */ = {isa = PBXBuildFile; fileRef = 53751FF81C1B84B600FF3CB0 /* MenuIconGeneral.png */; };
		53751FFB1C1B84C400FF3CB0 /* MenuIconPasscode.png in Resources */ = {isa = PBXBuildFile; fileRef = 53751FFA1C1B84C300FF3CB0 /* MenuIconPasscode.png */; };
		53751FFD1C1B864400FF3CB0 /* MenuIconContacts.png in Resources */ = {isa = PBXBuildFile; fileRef = 53751FFC1C1B864400FF3CB0 /* MenuIconContacts.png */; };
		53751FFF1C1B865E00FF3CB0 /* MenuIconCalendar.png in Resources */ = {isa = PBXBuildFile; fileRef = 53751FFE1C1B865E00FF3CB0 /* MenuIconCalendar.png */; };
		537520011C1B869500FF3CB0 /* MenuIconNetwork.png in Resources */ = {isa = PBXBuildFile; fileRef = 537520001C1B869500FF3CB0 /* MenuIconNetwork.png */; };
		537520031C1B86A400FF3CB0 /* MenuIconSoftwareUpdate.png in Resources */ = {isa = PBXBuildFile; fileRef = 537520021C1B86A400FF3CB0 /* MenuIconSoftwareUpdate.png */; };
		537520051C1B86B100FF3CB0 /* MenuIconXsan.png in Resources */ = {isa = PBXBuildFile; fileRef = 537520041C1B86B100FF3CB0 /* MenuIconXsan.png */; };
		537520071C1B86BF00FF3CB0 /* MenuIconCalendarSubscription.png in Resources */ = {isa = PBXBuildFile; fileRef = 537520061C1B86BF00FF3CB0 /* MenuIconCalendarSubscription.png */; };
		537520091C1B86CC00FF3CB0 /* MenuIconDock.png in Resources */ = {isa = PBXBuildFile; fileRef = 537520081C1B86CC00FF3CB0 /* MenuIconDock.png */; };
		53C7339C1C1F37E300119C71 /* com.apple.scep.plist in Resources */ = {isa = PBXBuildFile; fileRef = 53C7339B1C1F37E300119C71 /* com.apple.scep.plist */; };
		53C7339D1C1F394600119C71 /* com.apple.scep.plist in Copy Manifests */ = {isa = PBXBuildFile; fileRef = 53C7339B1C1F37E300119C71 /* com.apple.scep.plist */; };
		53C7339F1C1F396800119C71 /* MenuIconSCEP.png in Resources */ = {isa = PBXBuildFile; fileRef = 53C7339E1C1F396800119C71 /* MenuIconSCEP.png */; };
		53FCF0051C1F538000E440CB /* MenuIconLDAP.png in Resources */ = {isa = PBXBuildFile; fileRef = 53FCF0041C1F538000E440CB /* MenuIconLDAP.png */; };
		53FCF0071C1F539300E440CB /* com.apple.ldap.plist in Resources */ = {isa = PBXBuildFile; fileRef = 53FCF0061C1F539300E440CB /* com.apple.ldap.plist */; };
		53FCF0081C1F556A00E440CB /* com.apple.ldap.plist in Copy Manifests */ = {isa = PBXBuildFile; fileRef = 53FCF0061C1F539300E440CB /* com.apple.ldap.plist */; };
		53FCF00A1C1F561900E440CB /* com.apple.messages.plist in Resources */ = {isa = PBXBuildFile; fileRef = 53FCF0091C1F561900E440CB /* com.apple.messages.plist */; };
		53FCF00C1C1F567700E440CB /* MenuIconMessages.png in Resources */ = {isa = PBXBuildFile; fileRef = 53FCF00B1C1F567700E440CB /* MenuIconMessages.png */; };
		53FCF00E1C1F568B00E440CB /* MenuIconFinder.png in Resources */ = {isa = PBXBuildFile; fileRef = 53FCF00D1C1F568B00E440CB /* MenuIconFinder.png */; };
		53FCF0101C1F569B00E440CB /* MenuIconAccessibility.png in Resources */ = {isa = PBXBuildFile; fileRef = 53FCF00F1C1F569B00E440CB /* MenuIconAccessibility.png */; };
		53FCF0111C1F58D700E440CB /* com.apple.messages.plist in Copy Manifests */ = {isa = PBXBuildFile; fileRef = 53FCF0091C1F561900E440CB /* com.apple.messages.plist */; };
		53FCF0131C1F5D7F00E440CB /* MenuIconPrinting.png in Resources */ = {isa = PBXBuildFile; fileRef = 53FCF0121C1F5D7F00E440CB /* MenuIconPrinting.png */; };
		53FCF0151C1F5DA200E440CB /* MenuIconProxies.png in Resources */ = {isa = PBXBuildFile; fileRef = 53FCF0141C1F5DA200E440CB /* MenuIconProxies.png */; };
		53FCF0171C1F5DB500E440CB /* com.apple.proxies.plist in Resources */ = {isa = PBXBuildFile; fileRef = 53FCF0161C1F5DB500E440CB /* com.apple.proxies.plist */; };
		53FCF0181C1F5E5500E440CB /* com.apple.proxies.plist in Copy Manifests */ = {isa = PBXBuildFile; fileRef = 53FCF0161C1F5DB500E440CB /* com.apple.proxies.plist */; };
/* End PBXBuildFile section */

/* Begin PBXCopyFilesBuildPhase section */
		532B6C521C172A2700297025 /* Copy Manifests */ = {
			isa = PBXCopyFilesBuildPhase;
			buildActionMask = 2147483647;
			dstPath = Manifests;
			dstSubfolderSpec = 7;
			files = (
				53FCF0181C1F5E5500E440CB /* com.apple.proxies.plist in Copy Manifests */,
				53FCF0111C1F58D700E440CB /* com.apple.messages.plist in Copy Manifests */,
				53FCF0081C1F556A00E440CB /* com.apple.ldap.plist in Copy Manifests */,
				53C7339D1C1F394600119C71 /* com.apple.scep.plist in Copy Manifests */,
				5304B2501C1E07CB0085559C /* com.apple.vpn.plist in Copy Manifests */,
				5359E2D51C1CC65F00646980 /* com.apple.security.privacy.plist in Copy Manifests */,
				53751FE61C1B5DC500FF3CB0 /* com.apple.security.certificate.plist in Copy Manifests */,
				5357C07B1C18182E0056B050 /* com.apple.carddav.account.plist in Copy Manifests */,
				532B6C6E1C17326300297025 /* com.apple.configurationprofile.identification.plist in Copy Manifests */,
				532B6C681C17311D00297025 /* com.apple.font.plist in Copy Manifests */,
				532B6C621C172FE100297025 /* com.apple.ews.account.plist in Copy Manifests */,
				532B6C5F1C172F6400297025 /* com.apple.mail.managed.plist in Copy Manifests */,
				532B6C591C172E1300297025 /* com.apple.caldav.account.plist in Copy Manifests */,
				532B6C531C172A3600297025 /* com.apple.general.plist in Copy Manifests */,
			);
			name = "Copy Manifests";
			runOnlyForDeploymentPostprocessing = 0;
		};
/* End PBXCopyFilesBuildPhase section */

/* Begin PBXFileReference section */
		5304B24D1C1E02C50085559C /* com.apple.vpn.plist */ = {isa = PBXFileReference; fileEncoding = 4; lastKnownFileType = text.plist.xml; name = com.apple.vpn.plist; path = ProfileCreator/ProfileManifests/Apple/com.apple.vpn.plist; sourceTree = "<group>"; };
		5304B2511C1E0FEB0085559C /* PFCTableViewCellsSettingsTableView.h */ = {isa = PBXFileReference; fileEncoding = 4; lastKnownFileType = sourcecode.c.h; name = PFCTableViewCellsSettingsTableView.h; path = ProfileCreator/TableViewCells/PFCTableViewCellsSettingsTableView.h; sourceTree = "<group>"; };
		5304B2521C1E0FEB0085559C /* PFCTableViewCellsSettingsTableView.m */ = {isa = PBXFileReference; fileEncoding = 4; lastKnownFileType = sourcecode.c.objc; name = PFCTableViewCellsSettingsTableView.m; path = ProfileCreator/TableViewCells/PFCTableViewCellsSettingsTableView.m; sourceTree = "<group>"; };
		532B6C501C17289700297025 /* com.apple.general.plist */ = {isa = PBXFileReference; fileEncoding = 4; lastKnownFileType = text.plist.xml; name = com.apple.general.plist; path = ProfileCreator/ProfileManifests/Apple/com.apple.general.plist; sourceTree = "<group>"; };
		532B6C571C172E0300297025 /* com.apple.caldav.account.plist */ = {isa = PBXFileReference; fileEncoding = 4; lastKnownFileType = text.plist.xml; name = com.apple.caldav.account.plist; path = ProfileCreator/ProfileManifests/Apple/com.apple.caldav.account.plist; sourceTree = "<group>"; };
		532B6C5D1C172F5800297025 /* com.apple.mail.managed.plist */ = {isa = PBXFileReference; fileEncoding = 4; lastKnownFileType = text.plist.xml; name = com.apple.mail.managed.plist; path = ProfileCreator/ProfileManifests/Apple/com.apple.mail.managed.plist; sourceTree = "<group>"; };
		532B6C601C172FD000297025 /* com.apple.ews.account.plist */ = {isa = PBXFileReference; fileEncoding = 4; lastKnownFileType = text.plist.xml; name = com.apple.ews.account.plist; path = ProfileCreator/ProfileManifests/Apple/com.apple.ews.account.plist; sourceTree = "<group>"; };
		532B6C661C17311200297025 /* com.apple.font.plist */ = {isa = PBXFileReference; fileEncoding = 4; lastKnownFileType = text.plist.xml; name = com.apple.font.plist; path = ProfileCreator/ProfileManifests/Apple/com.apple.font.plist; sourceTree = "<group>"; };
		532B6C6C1C17323800297025 /* com.apple.configurationprofile.identification.plist */ = {isa = PBXFileReference; fileEncoding = 4; lastKnownFileType = text.plist.xml; name = com.apple.configurationprofile.identification.plist; path = ProfileCreator/ProfileManifests/Apple/com.apple.configurationprofile.identification.plist; sourceTree = "<group>"; };
		53351E2E1C1601FC00A6FC08 /* PFCTableViewCellsMenu.h */ = {isa = PBXFileReference; fileEncoding = 4; lastKnownFileType = sourcecode.c.h; name = PFCTableViewCellsMenu.h; path = ProfileCreator/TableViewCells/PFCTableViewCellsMenu.h; sourceTree = "<group>"; };
		53351E2F1C1601FC00A6FC08 /* PFCTableViewCellsMenu.m */ = {isa = PBXFileReference; fileEncoding = 4; lastKnownFileType = sourcecode.c.objc; name = PFCTableViewCellsMenu.m; path = ProfileCreator/TableViewCells/PFCTableViewCellsMenu.m; sourceTree = "<group>"; };
		53351E331C16048A00A6FC08 /* PFCTableViewCellsSettings.h */ = {isa = PBXFileReference; fileEncoding = 4; lastKnownFileType = sourcecode.c.h; name = PFCTableViewCellsSettings.h; path = ProfileCreator/TableViewCells/PFCTableViewCellsSettings.h; sourceTree = "<group>"; };
		53351E341C16048A00A6FC08 /* PFCTableViewCellsSettings.m */ = {isa = PBXFileReference; fileEncoding = 4; lastKnownFileType = sourcecode.c.objc; name = PFCTableViewCellsSettings.m; path = ProfileCreator/TableViewCells/PFCTableViewCellsSettings.m; sourceTree = "<group>"; };
		5341D3151C15EFB00014F5A7 /* PFCController.h */ = {isa = PBXFileReference; fileEncoding = 4; lastKnownFileType = sourcecode.c.h; name = PFCController.h; path = ProfileCreator/PFCController.h; sourceTree = "<group>"; };
		5341D3161C15EFB00014F5A7 /* PFCController.m */ = {isa = PBXFileReference; fileEncoding = 4; lastKnownFileType = sourcecode.c.objc; name = PFCController.m; path = ProfileCreator/PFCController.m; sourceTree = "<group>"; };
		5341D3231C15F3500014F5A7 /* PFCProfileCreationWindowController.h */ = {isa = PBXFileReference; fileEncoding = 4; lastKnownFileType = sourcecode.c.h; name = PFCProfileCreationWindowController.h; path = ProfileCreator/ProfileCreation/PFCProfileCreationWindowController.h; sourceTree = "<group>"; };
		5341D3241C15F3500014F5A7 /* PFCProfileCreationWindowController.m */ = {isa = PBXFileReference; fileEncoding = 4; lastKnownFileType = sourcecode.c.objc; name = PFCProfileCreationWindowController.m; path = ProfileCreator/ProfileCreation/PFCProfileCreationWindowController.m; sourceTree = "<group>"; };
		5341D3251C15F3500014F5A7 /* PFCProfileCreationWindowController.xib */ = {isa = PBXFileReference; fileEncoding = 4; lastKnownFileType = file.xib; name = PFCProfileCreationWindowController.xib; path = ProfileCreator/ProfileCreation/PFCProfileCreationWindowController.xib; sourceTree = "<group>"; };
		5357C0741C1816640056B050 /* com.apple.carddav.account.plist */ = {isa = PBXFileReference; fileEncoding = 4; lastKnownFileType = text.plist.xml; name = com.apple.carddav.account.plist; path = ProfileCreator/ProfileManifests/Apple/com.apple.carddav.account.plist; sourceTree = "<group>"; };
		5359E2D11C1CC57E00646980 /* com.apple.security.privacy.plist */ = {isa = PBXFileReference; fileEncoding = 4; lastKnownFileType = text.plist.xml; name = com.apple.security.privacy.plist; path = ProfileCreator/ProfileManifests/Apple/com.apple.security.privacy.plist; sourceTree = "<group>"; };
		5359E2D31C1CC65100646980 /* MenuIconSecurityPrivacy.png */ = {isa = PBXFileReference; lastKnownFileType = image.png; path = MenuIconSecurityPrivacy.png; sourceTree = "<group>"; };
		536FC5191C15EEDE00B1D7CF /* ProfileCreator.app */ = {isa = PBXFileReference; explicitFileType = wrapper.application; includeInIndex = 0; path = ProfileCreator.app; sourceTree = BUILT_PRODUCTS_DIR; };
		536FC5201C15EEDE00B1D7CF /* main.m */ = {isa = PBXFileReference; lastKnownFileType = sourcecode.c.objc; path = main.m; sourceTree = "<group>"; };
		536FC5251C15EEDE00B1D7CF /* Base */ = {isa = PBXFileReference; lastKnownFileType = file.xib; name = Base; path = Base.lproj/MainMenu.xib; sourceTree = "<group>"; };
		536FC5271C15EEDE00B1D7CF /* Info.plist */ = {isa = PBXFileReference; lastKnownFileType = text.plist.xml; path = Info.plist; sourceTree = "<group>"; };
		53751FE41C1B5C2D00FF3CB0 /* com.apple.security.certificate.plist */ = {isa = PBXFileReference; fileEncoding = 4; lastKnownFileType = text.plist.xml; name = com.apple.security.certificate.plist; path = ProfileCreator/ProfileManifests/Apple/com.apple.security.certificate.plist; sourceTree = "<group>"; };
		53751FE81C1B831A00FF3CB0 /* MenuIconAirPlay.png */ = {isa = PBXFileReference; lastKnownFileType = image.png; path = MenuIconAirPlay.png; sourceTree = "<group>"; };
		53751FEA1C1B832D00FF3CB0 /* MenuIconExchange.png */ = {isa = PBXFileReference; lastKnownFileType = image.png; path = MenuIconExchange.png; sourceTree = "<group>"; };
		53751FEC1C1B833900FF3CB0 /* MenuIconIdentification.png */ = {isa = PBXFileReference; lastKnownFileType = image.png; path = MenuIconIdentification.png; sourceTree = "<group>"; };
		53751FEE1C1B834300FF3CB0 /* MenuIconCertificates.png */ = {isa = PBXFileReference; lastKnownFileType = image.png; path = MenuIconCertificates.png; sourceTree = "<group>"; };
		53751FF01C1B848A00FF3CB0 /* MenuIconFont.png */ = {isa = PBXFileReference; lastKnownFileType = image.png; path = MenuIconFont.png; sourceTree = "<group>"; };
		53751FF21C1B849400FF3CB0 /* MenuIconVPN.png */ = {isa = PBXFileReference; lastKnownFileType = image.png; path = MenuIconVPN.png; sourceTree = "<group>"; };
		53751FF41C1B849E00FF3CB0 /* MenuIconMail.png */ = {isa = PBXFileReference; lastKnownFileType = image.png; path = MenuIconMail.png; sourceTree = "<group>"; };
		53751FF61C1B84AA00FF3CB0 /* MenuIconRestriction.png */ = {isa = PBXFileReference; lastKnownFileType = image.png; path = MenuIconRestriction.png; sourceTree = "<group>"; };
		53751FF81C1B84B600FF3CB0 /* MenuIconGeneral.png */ = {isa = PBXFileReference; lastKnownFileType = image.png; path = MenuIconGeneral.png; sourceTree = "<group>"; };
		53751FFA1C1B84C300FF3CB0 /* MenuIconPasscode.png */ = {isa = PBXFileReference; lastKnownFileType = image.png; path = MenuIconPasscode.png; sourceTree = "<group>"; };
		53751FFC1C1B864400FF3CB0 /* MenuIconContacts.png */ = {isa = PBXFileReference; lastKnownFileType = image.png; path = MenuIconContacts.png; sourceTree = "<group>"; };
		53751FFE1C1B865E00FF3CB0 /* MenuIconCalendar.png */ = {isa = PBXFileReference; lastKnownFileType = image.png; path = MenuIconCalendar.png; sourceTree = "<group>"; };
		537520001C1B869500FF3CB0 /* MenuIconNetwork.png */ = {isa = PBXFileReference; lastKnownFileType = image.png; path = MenuIconNetwork.png; sourceTree = "<group>"; };
		537520021C1B86A400FF3CB0 /* MenuIconSoftwareUpdate.png */ = {isa = PBXFileReference; lastKnownFileType = image.png; path = MenuIconSoftwareUpdate.png; sourceTree = "<group>"; };
		537520041C1B86B100FF3CB0 /* MenuIconXsan.png */ = {isa = PBXFileReference; lastKnownFileType = image.png; path = MenuIconXsan.png; sourceTree = "<group>"; };
		537520061C1B86BF00FF3CB0 /* MenuIconCalendarSubscription.png */ = {isa = PBXFileReference; lastKnownFileType = image.png; path = MenuIconCalendarSubscription.png; sourceTree = "<group>"; };
		537520081C1B86CC00FF3CB0 /* MenuIconDock.png */ = {isa = PBXFileReference; lastKnownFileType = image.png; path = MenuIconDock.png; sourceTree = "<group>"; };
		53C7339B1C1F37E300119C71 /* com.apple.scep.plist */ = {isa = PBXFileReference; fileEncoding = 4; lastKnownFileType = text.plist.xml; name = com.apple.scep.plist; path = ProfileCreator/ProfileManifests/Apple/com.apple.scep.plist; sourceTree = "<group>"; };
		53C7339E1C1F396800119C71 /* MenuIconSCEP.png */ = {isa = PBXFileReference; lastKnownFileType = image.png; path = MenuIconSCEP.png; sourceTree = "<group>"; };
		53FCF0041C1F538000E440CB /* MenuIconLDAP.png */ = {isa = PBXFileReference; lastKnownFileType = image.png; path = MenuIconLDAP.png; sourceTree = "<group>"; };
		53FCF0061C1F539300E440CB /* com.apple.ldap.plist */ = {isa = PBXFileReference; fileEncoding = 4; lastKnownFileType = text.plist.xml; name = com.apple.ldap.plist; path = ProfileCreator/ProfileManifests/Apple/com.apple.ldap.plist; sourceTree = "<group>"; };
		53FCF0091C1F561900E440CB /* com.apple.messages.plist */ = {isa = PBXFileReference; fileEncoding = 4; lastKnownFileType = text.plist.xml; name = com.apple.messages.plist; path = ProfileCreator/ProfileManifests/Apple/com.apple.messages.plist; sourceTree = "<group>"; };
		53FCF00B1C1F567700E440CB /* MenuIconMessages.png */ = {isa = PBXFileReference; lastKnownFileType = image.png; path = MenuIconMessages.png; sourceTree = "<group>"; };
		53FCF00D1C1F568B00E440CB /* MenuIconFinder.png */ = {isa = PBXFileReference; lastKnownFileType = image.png; path = MenuIconFinder.png; sourceTree = "<group>"; };
		53FCF00F1C1F569B00E440CB /* MenuIconAccessibility.png */ = {isa = PBXFileReference; lastKnownFileType = image.png; path = MenuIconAccessibility.png; sourceTree = "<group>"; };
		53FCF0121C1F5D7F00E440CB /* MenuIconPrinting.png */ = {isa = PBXFileReference; lastKnownFileType = image.png; path = MenuIconPrinting.png; sourceTree = "<group>"; };
		53FCF0141C1F5DA200E440CB /* MenuIconProxies.png */ = {isa = PBXFileReference; lastKnownFileType = image.png; path = MenuIconProxies.png; sourceTree = "<group>"; };
		53FCF0161C1F5DB500E440CB /* com.apple.proxies.plist */ = {isa = PBXFileReference; fileEncoding = 4; lastKnownFileType = text.plist.xml; name = com.apple.proxies.plist; path = ProfileCreator/ProfileManifests/Apple/com.apple.proxies.plist; sourceTree = "<group>"; };
/* End PBXFileReference section */

/* Begin PBXFrameworksBuildPhase section */
		536FC5161C15EEDE00B1D7CF /* Frameworks */ = {
			isa = PBXFrameworksBuildPhase;
			buildActionMask = 2147483647;
			files = (
			);
			runOnlyForDeploymentPostprocessing = 0;
		};
/* End PBXFrameworksBuildPhase section */

/* Begin PBXGroup section */
		532B6C4E1C17277100297025 /* ProfileManifest */ = {
			isa = PBXGroup;
			children = (
				532B6C501C17289700297025 /* com.apple.general.plist */,
				53751FE41C1B5C2D00FF3CB0 /* com.apple.security.certificate.plist */,
				5357C0741C1816640056B050 /* com.apple.carddav.account.plist */,
				532B6C571C172E0300297025 /* com.apple.caldav.account.plist */,
				532B6C5D1C172F5800297025 /* com.apple.mail.managed.plist */,
				532B6C601C172FD000297025 /* com.apple.ews.account.plist */,
				532B6C661C17311200297025 /* com.apple.font.plist */,
				532B6C6C1C17323800297025 /* com.apple.configurationprofile.identification.plist */,
				5359E2D11C1CC57E00646980 /* com.apple.security.privacy.plist */,
				5304B24D1C1E02C50085559C /* com.apple.vpn.plist */,
				53C7339B1C1F37E300119C71 /* com.apple.scep.plist */,
				53FCF0061C1F539300E440CB /* com.apple.ldap.plist */,
				53FCF0091C1F561900E440CB /* com.apple.messages.plist */,
				53FCF0161C1F5DB500E440CB /* com.apple.proxies.plist */,
			);
			name = ProfileManifest;
			sourceTree = "<group>";
		};
		53351E311C1601FF00A6FC08 /* TableViewCells */ = {
			isa = PBXGroup;
			children = (
				53351E2E1C1601FC00A6FC08 /* PFCTableViewCellsMenu.h */,
				53351E2F1C1601FC00A6FC08 /* PFCTableViewCellsMenu.m */,
				53351E331C16048A00A6FC08 /* PFCTableViewCellsSettings.h */,
				53351E341C16048A00A6FC08 /* PFCTableViewCellsSettings.m */,
				5304B2511C1E0FEB0085559C /* PFCTableViewCellsSettingsTableView.h */,
				5304B2521C1E0FEB0085559C /* PFCTableViewCellsSettingsTableView.m */,
			);
			name = TableViewCells;
			sourceTree = "<group>";
		};
		5341D3181C15EFFB0014F5A7 /* SupportingFiles */ = {
			isa = PBXGroup;
			children = (
				536FC5201C15EEDE00B1D7CF /* main.m */,
			);
			name = SupportingFiles;
			sourceTree = "<group>";
		};
		5341D3191C15F00F0014F5A7 /* Property Lists */ = {
			isa = PBXGroup;
			children = (
				536FC5271C15EEDE00B1D7CF /* Info.plist */,
			);
			name = "Property Lists";
			sourceTree = "<group>";
		};
		5341D3221C15F2910014F5A7 /* ProfileCreation */ = {
			isa = PBXGroup;
			children = (
				5341D3231C15F3500014F5A7 /* PFCProfileCreationWindowController.h */,
				5341D3241C15F3500014F5A7 /* PFCProfileCreationWindowController.m */,
				5341D3251C15F3500014F5A7 /* PFCProfileCreationWindowController.xib */,
			);
			name = ProfileCreation;
			sourceTree = "<group>";
		};
		536FC5101C15EEDE00B1D7CF = {
			isa = PBXGroup;
			children = (
				536FC51B1C15EEDE00B1D7CF /* ProfileCreator */,
				5341D3221C15F2910014F5A7 /* ProfileCreation */,
				532B6C4E1C17277100297025 /* ProfileManifest */,
				53351E311C1601FF00A6FC08 /* TableViewCells */,
				536FC51F1C15EEDE00B1D7CF /* Supporting Files */,
				536FC51A1C15EEDE00B1D7CF /* Products */,
			);
			sourceTree = "<group>";
		};
		536FC51A1C15EEDE00B1D7CF /* Products */ = {
			isa = PBXGroup;
			children = (
				536FC5191C15EEDE00B1D7CF /* ProfileCreator.app */,
			);
			name = Products;
			sourceTree = "<group>";
		};
		536FC51B1C15EEDE00B1D7CF /* ProfileCreator */ = {
			isa = PBXGroup;
			children = (
				5341D3151C15EFB00014F5A7 /* PFCController.h */,
				5341D3161C15EFB00014F5A7 /* PFCController.m */,
				536FC5241C15EEDE00B1D7CF /* MainMenu.xib */,
				5341D3181C15EFFB0014F5A7 /* SupportingFiles */,
			);
			path = ProfileCreator;
			sourceTree = "<group>";
		};
		536FC51F1C15EEDE00B1D7CF /* Supporting Files */ = {
			isa = PBXGroup;
			children = (
				53751FE71C1B830B00FF3CB0 /* Graphics */,
				5341D3191C15F00F0014F5A7 /* Property Lists */,
			);
			name = "Supporting Files";
			path = ProfileCreator;
			sourceTree = "<group>";
		};
		53751FE71C1B830B00FF3CB0 /* Graphics */ = {
			isa = PBXGroup;
			children = (
				53C7339E1C1F396800119C71 /* MenuIconSCEP.png */,
				53751FE81C1B831A00FF3CB0 /* MenuIconAirPlay.png */,
				53FCF0121C1F5D7F00E440CB /* MenuIconPrinting.png */,
				53751FEA1C1B832D00FF3CB0 /* MenuIconExchange.png */,
				53751FFA1C1B84C300FF3CB0 /* MenuIconPasscode.png */,
				537520001C1B869500FF3CB0 /* MenuIconNetwork.png */,
				53FCF00B1C1F567700E440CB /* MenuIconMessages.png */,
				53751FF81C1B84B600FF3CB0 /* MenuIconGeneral.png */,
				53FCF0041C1F538000E440CB /* MenuIconLDAP.png */,
				537520041C1B86B100FF3CB0 /* MenuIconXsan.png */,
				537520061C1B86BF00FF3CB0 /* MenuIconCalendarSubscription.png */,
				53FCF00F1C1F569B00E440CB /* MenuIconAccessibility.png */,
				537520081C1B86CC00FF3CB0 /* MenuIconDock.png */,
				53FCF0141C1F5DA200E440CB /* MenuIconProxies.png */,
				5359E2D31C1CC65100646980 /* MenuIconSecurityPrivacy.png */,
				53751FF61C1B84AA00FF3CB0 /* MenuIconRestriction.png */,
				53751FF01C1B848A00FF3CB0 /* MenuIconFont.png */,
				53751FFE1C1B865E00FF3CB0 /* MenuIconCalendar.png */,
				53FCF00D1C1F568B00E440CB /* MenuIconFinder.png */,
				537520021C1B86A400FF3CB0 /* MenuIconSoftwareUpdate.png */,
				53751FFC1C1B864400FF3CB0 /* MenuIconContacts.png */,
				53751FF41C1B849E00FF3CB0 /* MenuIconMail.png */,
				53751FEC1C1B833900FF3CB0 /* MenuIconIdentification.png */,
				53751FEE1C1B834300FF3CB0 /* MenuIconCertificates.png */,
				53751FF21C1B849400FF3CB0 /* MenuIconVPN.png */,
			);
			name = Graphics;
			sourceTree = "<group>";
		};
/* End PBXGroup section */

/* Begin PBXNativeTarget section */
		536FC5181C15EEDE00B1D7CF /* ProfileCreator */ = {
			isa = PBXNativeTarget;
			buildConfigurationList = 536FC52A1C15EEDE00B1D7CF /* Build configuration list for PBXNativeTarget "ProfileCreator" */;
			buildPhases = (
				536FC5151C15EEDE00B1D7CF /* Sources */,
				536FC5161C15EEDE00B1D7CF /* Frameworks */,
				536FC5171C15EEDE00B1D7CF /* Resources */,
				532B6C521C172A2700297025 /* Copy Manifests */,
			);
			buildRules = (
			);
			dependencies = (
			);
			name = ProfileCreator;
			productName = ProfileCreator;
			productReference = 536FC5191C15EEDE00B1D7CF /* ProfileCreator.app */;
			productType = "com.apple.product-type.application";
		};
/* End PBXNativeTarget section */

/* Begin PBXProject section */
		536FC5111C15EEDE00B1D7CF /* Project object */ = {
			isa = PBXProject;
			attributes = {
				CLASSPREFIX = PFC;
				LastUpgradeCheck = 0710;
				ORGANIZATIONNAME = "Erik Berglund";
				TargetAttributes = {
					536FC5181C15EEDE00B1D7CF = {
						CreatedOnToolsVersion = 7.1.1;
					};
				};
			};
			buildConfigurationList = 536FC5141C15EEDE00B1D7CF /* Build configuration list for PBXProject "ProfileCreator" */;
			compatibilityVersion = "Xcode 3.2";
			developmentRegion = English;
			hasScannedForEncodings = 0;
			knownRegions = (
				en,
				Base,
			);
			mainGroup = 536FC5101C15EEDE00B1D7CF;
			productRefGroup = 536FC51A1C15EEDE00B1D7CF /* Products */;
			projectDirPath = "";
			projectRoot = "";
			targets = (
				536FC5181C15EEDE00B1D7CF /* ProfileCreator */,
			);
		};
/* End PBXProject section */

/* Begin PBXResourcesBuildPhase section */
		536FC5171C15EEDE00B1D7CF /* Resources */ = {
			isa = PBXResourcesBuildPhase;
			buildActionMask = 2147483647;
			files = (
				53FCF0051C1F538000E440CB /* MenuIconLDAP.png in Resources */,
				532B6C671C17311200297025 /* com.apple.font.plist in Resources */,
				5359E2D41C1CC65100646980 /* MenuIconSecurityPrivacy.png in Resources */,
				5341D3271C15F3500014F5A7 /* PFCProfileCreationWindowController.xib in Resources */,
				53FCF0071C1F539300E440CB /* com.apple.ldap.plist in Resources */,
				53751FF51C1B849E00FF3CB0 /* MenuIconMail.png in Resources */,
				53751FFF1C1B865E00FF3CB0 /* MenuIconCalendar.png in Resources */,
				532B6C6D1C17323800297025 /* com.apple.configurationprofile.identification.plist in Resources */,
				5304B24E1C1E02C50085559C /* com.apple.vpn.plist in Resources */,
				5357C0751C1816640056B050 /* com.apple.carddav.account.plist in Resources */,
				5359E2D21C1CC57E00646980 /* com.apple.security.privacy.plist in Resources */,
				53FCF0131C1F5D7F00E440CB /* MenuIconPrinting.png in Resources */,
				53FCF00E1C1F568B00E440CB /* MenuIconFinder.png in Resources */,
				53751FF91C1B84B600FF3CB0 /* MenuIconGeneral.png in Resources */,
				53751FE51C1B5C2D00FF3CB0 /* com.apple.security.certificate.plist in Resources */,
				53FCF00C1C1F567700E440CB /* MenuIconMessages.png in Resources */,
				537520051C1B86B100FF3CB0 /* MenuIconXsan.png in Resources */,
				53C7339F1C1F396800119C71 /* MenuIconSCEP.png in Resources */,
				53751FFD1C1B864400FF3CB0 /* MenuIconContacts.png in Resources */,
				53751FEB1C1B832D00FF3CB0 /* MenuIconExchange.png in Resources */,
				53751FF71C1B84AA00FF3CB0 /* MenuIconRestriction.png in Resources */,
				53FCF00A1C1F561900E440CB /* com.apple.messages.plist in Resources */,
				53FCF0151C1F5DA200E440CB /* MenuIconProxies.png in Resources */,
				532B6C5E1C172F5800297025 /* com.apple.mail.managed.plist in Resources */,
				53751FF31C1B849400FF3CB0 /* MenuIconVPN.png in Resources */,
				537520011C1B869500FF3CB0 /* MenuIconNetwork.png in Resources */,
				53FCF0101C1F569B00E440CB /* MenuIconAccessibility.png in Resources */,
				537520071C1B86BF00FF3CB0 /* MenuIconCalendarSubscription.png in Resources */,
				53C7339C1C1F37E300119C71 /* com.apple.scep.plist in Resources */,
				53751FF11C1B848A00FF3CB0 /* MenuIconFont.png in Resources */,
				537520091C1B86CC00FF3CB0 /* MenuIconDock.png in Resources */,
				532B6C581C172E0300297025 /* com.apple.caldav.account.plist in Resources */,
				53751FEF1C1B834300FF3CB0 /* MenuIconCertificates.png in Resources */,
				53FCF0171C1F5DB500E440CB /* com.apple.proxies.plist in Resources */,
				53751FFB1C1B84C400FF3CB0 /* MenuIconPasscode.png in Resources */,
				532B6C611C172FD000297025 /* com.apple.ews.account.plist in Resources */,
				536FC5261C15EEDE00B1D7CF /* MainMenu.xib in Resources */,
				537520031C1B86A400FF3CB0 /* MenuIconSoftwareUpdate.png in Resources */,
				53751FE91C1B831A00FF3CB0 /* MenuIconAirPlay.png in Resources */,
				532B6C511C17289700297025 /* com.apple.general.plist in Resources */,
				53751FED1C1B833900FF3CB0 /* MenuIconIdentification.png in Resources */,
			);
			runOnlyForDeploymentPostprocessing = 0;
		};
/* End PBXResourcesBuildPhase section */

/* Begin PBXSourcesBuildPhase section */
		536FC5151C15EEDE00B1D7CF /* Sources */ = {
			isa = PBXSourcesBuildPhase;
			buildActionMask = 2147483647;
			files = (
				5341D3261C15F3500014F5A7 /* PFCProfileCreationWindowController.m in Sources */,
				536FC5211C15EEDE00B1D7CF /* main.m in Sources */,
				53351E301C1601FC00A6FC08 /* PFCTableViewCellsMenu.m in Sources */,
				53351E351C16048A00A6FC08 /* PFCTableViewCellsSettings.m in Sources */,
				5304B2531C1E0FEB0085559C /* PFCTableViewCellsSettingsTableView.m in Sources */,
				5341D3171C15EFB00014F5A7 /* PFCController.m in Sources */,
			);
			runOnlyForDeploymentPostprocessing = 0;
		};
/* End PBXSourcesBuildPhase section */

/* Begin PBXVariantGroup section */
		536FC5241C15EEDE00B1D7CF /* MainMenu.xib */ = {
			isa = PBXVariantGroup;
			children = (
				536FC5251C15EEDE00B1D7CF /* Base */,
			);
			name = MainMenu.xib;
			sourceTree = "<group>";
		};
/* End PBXVariantGroup section */

/* Begin XCBuildConfiguration section */
		536FC5281C15EEDE00B1D7CF /* Debug */ = {
			isa = XCBuildConfiguration;
			buildSettings = {
				ALWAYS_SEARCH_USER_PATHS = NO;
				CLANG_CXX_LANGUAGE_STANDARD = "gnu++0x";
				CLANG_CXX_LIBRARY = "libc++";
				CLANG_ENABLE_MODULES = YES;
				CLANG_ENABLE_OBJC_ARC = YES;
				CLANG_WARN_BOOL_CONVERSION = YES;
				CLANG_WARN_CONSTANT_CONVERSION = YES;
				CLANG_WARN_DIRECT_OBJC_ISA_USAGE = YES_ERROR;
				CLANG_WARN_EMPTY_BODY = YES;
				CLANG_WARN_ENUM_CONVERSION = YES;
				CLANG_WARN_INT_CONVERSION = YES;
				CLANG_WARN_OBJC_ROOT_CLASS = YES_ERROR;
				CLANG_WARN_UNREACHABLE_CODE = YES;
				CLANG_WARN__DUPLICATE_METHOD_MATCH = YES;
				CODE_SIGN_IDENTITY = "-";
				COPY_PHASE_STRIP = NO;
				DEBUG_INFORMATION_FORMAT = dwarf;
				ENABLE_STRICT_OBJC_MSGSEND = YES;
				ENABLE_TESTABILITY = YES;
				GCC_C_LANGUAGE_STANDARD = gnu99;
				GCC_DYNAMIC_NO_PIC = NO;
				GCC_NO_COMMON_BLOCKS = YES;
				GCC_OPTIMIZATION_LEVEL = 0;
				GCC_PREPROCESSOR_DEFINITIONS = (
					"DEBUG=1",
					"$(inherited)",
				);
				GCC_WARN_64_TO_32_BIT_CONVERSION = YES;
				GCC_WARN_ABOUT_RETURN_TYPE = YES_ERROR;
				GCC_WARN_UNDECLARED_SELECTOR = YES;
				GCC_WARN_UNINITIALIZED_AUTOS = YES_AGGRESSIVE;
				GCC_WARN_UNUSED_FUNCTION = YES;
				GCC_WARN_UNUSED_VARIABLE = YES;
				MACOSX_DEPLOYMENT_TARGET = 10.11;
				MTL_ENABLE_DEBUG_INFO = YES;
				ONLY_ACTIVE_ARCH = YES;
				SDKROOT = macosx;
			};
			name = Debug;
		};
		536FC5291C15EEDE00B1D7CF /* Release */ = {
			isa = XCBuildConfiguration;
			buildSettings = {
				ALWAYS_SEARCH_USER_PATHS = NO;
				CLANG_CXX_LANGUAGE_STANDARD = "gnu++0x";
				CLANG_CXX_LIBRARY = "libc++";
				CLANG_ENABLE_MODULES = YES;
				CLANG_ENABLE_OBJC_ARC = YES;
				CLANG_WARN_BOOL_CONVERSION = YES;
				CLANG_WARN_CONSTANT_CONVERSION = YES;
				CLANG_WARN_DIRECT_OBJC_ISA_USAGE = YES_ERROR;
				CLANG_WARN_EMPTY_BODY = YES;
				CLANG_WARN_ENUM_CONVERSION = YES;
				CLANG_WARN_INT_CONVERSION = YES;
				CLANG_WARN_OBJC_ROOT_CLASS = YES_ERROR;
				CLANG_WARN_UNREACHABLE_CODE = YES;
				CLANG_WARN__DUPLICATE_METHOD_MATCH = YES;
				CODE_SIGN_IDENTITY = "-";
				COPY_PHASE_STRIP = NO;
				DEBUG_INFORMATION_FORMAT = "dwarf-with-dsym";
				ENABLE_NS_ASSERTIONS = NO;
				ENABLE_STRICT_OBJC_MSGSEND = YES;
				GCC_C_LANGUAGE_STANDARD = gnu99;
				GCC_NO_COMMON_BLOCKS = YES;
				GCC_WARN_64_TO_32_BIT_CONVERSION = YES;
				GCC_WARN_ABOUT_RETURN_TYPE = YES_ERROR;
				GCC_WARN_UNDECLARED_SELECTOR = YES;
				GCC_WARN_UNINITIALIZED_AUTOS = YES_AGGRESSIVE;
				GCC_WARN_UNUSED_FUNCTION = YES;
				GCC_WARN_UNUSED_VARIABLE = YES;
				MACOSX_DEPLOYMENT_TARGET = 10.11;
				MTL_ENABLE_DEBUG_INFO = NO;
				SDKROOT = macosx;
			};
			name = Release;
		};
		536FC52B1C15EEDE00B1D7CF /* Debug */ = {
			isa = XCBuildConfiguration;
			buildSettings = {
				ASSETCATALOG_COMPILER_APPICON_NAME = AppIcon;
				COMBINE_HIDPI_IMAGES = YES;
				INFOPLIST_FILE = ProfileCreator/Info.plist;
				LD_RUNPATH_SEARCH_PATHS = "$(inherited) @executable_path/../Frameworks";
				PRODUCT_BUNDLE_IDENTIFIER = com.github.ProfileCreator;
				PRODUCT_NAME = "$(TARGET_NAME)";
			};
			name = Debug;
		};
		536FC52C1C15EEDE00B1D7CF /* Release */ = {
			isa = XCBuildConfiguration;
			buildSettings = {
				ASSETCATALOG_COMPILER_APPICON_NAME = AppIcon;
				COMBINE_HIDPI_IMAGES = YES;
				INFOPLIST_FILE = ProfileCreator/Info.plist;
				LD_RUNPATH_SEARCH_PATHS = "$(inherited) @executable_path/../Frameworks";
				PRODUCT_BUNDLE_IDENTIFIER = com.github.ProfileCreator;
				PRODUCT_NAME = "$(TARGET_NAME)";
			};
			name = Release;
		};
/* End XCBuildConfiguration section */

/* Begin XCConfigurationList section */
		536FC5141C15EEDE00B1D7CF /* Build configuration list for PBXProject "ProfileCreator" */ = {
			isa = XCConfigurationList;
			buildConfigurations = (
				536FC5281C15EEDE00B1D7CF /* Debug */,
				536FC5291C15EEDE00B1D7CF /* Release */,
			);
			defaultConfigurationIsVisible = 0;
			defaultConfigurationName = Release;
		};
		536FC52A1C15EEDE00B1D7CF /* Build configuration list for PBXNativeTarget "ProfileCreator" */ = {
			isa = XCConfigurationList;
			buildConfigurations = (
				536FC52B1C15EEDE00B1D7CF /* Debug */,
				536FC52C1C15EEDE00B1D7CF /* Release */,
			);
			defaultConfigurationIsVisible = 0;
			defaultConfigurationName = Release;
		};
/* End XCConfigurationList section */
	};
	rootObject = 536FC5111C15EEDE00B1D7CF /* Project object */;
}
